Microsoft Visual Studio Solution File, Format Version 11.00
# Visual Studio 2008

Project("{83397F2E-6E1F-6DBF-597A-CCAAD02B8881}") = "ThisWordIsMine", "Assembly-CSharp-firstpass.csproj", "{9CD1B884-9427-EDD1-0C42-84BDB80EA899}"
EndProject
Project("{83397F2E-6E1F-6DBF-597A-CCAAD02B8881}") = "ThisWordIsMine", "Assembly-CSharp.csproj", "{D0E42B1A-C8A8-769A-554D-FEF9DB89F1C8}"
EndProject
Project("{83397F2E-6E1F-6DBF-597A-CCAAD02B8881}") = "ThisWordIsMine", "Assembly-CSharp-Editor.csproj", "{E10C581A-6F09-C8A1-F636-2EA4288E7CD6}"
EndProject
Project("{83397F2E-6E1F-6DBF-597A-CCAAD02B8881}") = "ThisWordIsMine", "Assembly-UnityScript.unityproj", "{36EB0001-0C32-7FD6-9167-8C4DD2606AA7}"
EndProject
Global
	GlobalSection(SolutionConfigurationPlatforms) = preSolution
		Debug|Any CPU = Debug|Any CPU
		Release|Any CPU = Release|Any CPU
	EndGlobalSection
	GlobalSection(ProjectConfigurationPlatforms) = postSolution
		{9CD1B884-9427-EDD1-0C42-84BDB80EA899}.Debug|Any CPU.ActiveCfg = Debug|Any CPU
		{9CD1B884-9427-EDD1-0C42-84BDB80EA899}.Debug|Any CPU.Build.0 = Debug|Any CPU
		{9CD1B884-9427-EDD1-0C42-84BDB80EA899}.Release|Any CPU.ActiveCfg = Release|Any CPU
		{9CD1B884-9427-EDD1-0C42-84BDB80EA899}.Release|Any CPU.Build.0 = Release|Any CPU
		{D0E42B1A-C8A8-769A-554D-FEF9DB89F1C8}.Debug|Any CPU.ActiveCfg = Debug|Any CPU
		{D0E42B1A-C8A8-769A-554D-FEF9DB89F1C8}.Debug|Any CPU.Build.0 = Debug|Any CPU
		{D0E42B1A-C8A8-769A-554D-FEF9DB89F1C8}.Release|Any CPU.ActiveCfg = Release|Any CPU
		{D0E42B1A-C8A8-769A-554D-FEF9DB89F1C8}.Release|Any CPU.Build.0 = Release|Any CPU
		{E10C581A-6F09-C8A1-F636-2EA4288E7CD6}.Debug|Any CPU.ActiveCfg = Debug|Any CPU
		{E10C581A-6F09-C8A1-F636-2EA4288E7CD6}.Debug|Any CPU.Build.0 = Debug|Any CPU
		{E10C581A-6F09-C8A1-F636-2EA4288E7CD6}.Release|Any CPU.ActiveCfg = Release|Any CPU
		{E10C581A-6F09-C8A1-F636-2EA4288E7CD6}.Release|Any CPU.Build.0 = Release|Any CPU
		{36EB0001-0C32-7FD6-9167-8C4DD2606AA7}.Debug|Any CPU.ActiveCfg = Debug|Any CPU
		{36EB0001-0C32-7FD6-9167-8C4DD2606AA7}.Debug|Any CPU.Build.0 = Debug|Any CPU
		{36EB0001-0C32-7FD6-9167-8C4DD2606AA7}.Release|Any CPU.ActiveCfg = Release|Any CPU
		{36EB0001-0C32-7FD6-9167-8C4DD2606AA7}.Release|Any CPU.Build.0 = Release|Any CPU
	EndGlobalSection
	GlobalSection(SolutionProperties) = preSolution
		HideSolutionNode = FALSE
	EndGlobalSection
										GlobalSection(MonoDevelopProperties) = preSolution
		StartupItem = Assembly-CSharp.csproj
		Policies = $0
		$0.TextStylePolicy = $1
		$1.inheritsSet = null
		$1.scope = text/x-csharp
		$0.CSharpFormattingPolicy = $2
		$2.inheritsSet = Mono
		$2.inheritsScope = text/x-csharp
		$2.scope = text/x-csharp
		$0.TextStylePolicy = $3
		$3.FileWidth = 120
		$3.TabWidth = 4
		$3.IndentWidth = 4
		$3.EolMarker = Unix
		$3.inheritsSet = Mono
		$3.inheritsScope = text/plain
		$3.scope = text/plain
	EndGlobalSection

EndGlobal
